
Microsoft Visual Studio Solution File, Format Version 12.00
# Visual Studio 15
VisualStudioVersion = 15.0.28307.421
MinimumVisualStudioVersion = 10.0.40219.1
Project("{FAE04EC0-301F-11D3-BF4B-00C04F79EFBC}") = "Billets", "Billets\Billets.csproj", "{22DB2773-1AC0-490C-92A6-574E9128310D}"
EndProject
Global
	GlobalSection(SolutionConfigurationPlatforms) = preSolution
		Debug|Any CPU = Debug|Any CPU
		Release|Any CPU = Release|Any CPU
	EndGlobalSection
	GlobalSection(ProjectConfigurationPlatforms) = postSolution
		{22DB2773-1AC0-490C-92A6-574E9128310D}.Debug|Any CPU.ActiveCfg = Debug|Any CPU
		{22DB2773-1AC0-490C-92A6-574E9128310D}.Debug|Any CPU.Build.0 = Debug|Any CPU
		{22DB2773-1AC0-490C-92A6-574E9128310D}.Release|Any CPU.ActiveCfg = Release|Any CPU
		{22DB2773-1AC0-490C-92A6-574E9128310D}.Release|Any CPU.Build.0 = Release|Any CPU
	EndGlobalSection
	GlobalSection(SolutionProperties) = preSolution
		HideSolutionNode = FALSE
	EndGlobalSection
	GlobalSection(ExtensibilityGlobals) = postSolution
		SolutionGuid = {8E800293-E7B7-426B-A6B5-CB35A2364466}
	EndGlobalSection
EndGlobal
